
Microsoft Visual Studio Solution File, Format Version 12.00
# Visual Studio Version 17
VisualStudioVersion = 17.11.35208.52
MinimumVisualStudioVersion = 10.0.40219.1
Project("{FAE04EC0-301F-11D3-BF4B-00C04F79EFBC}") = "MarketManagementSystem", "MarketManagementSystem\MarketManagementSystem.csproj", "{ED8BF4DF-44C8-4BFD-8C09-3FC12E70B18C}"
EndProject
Global
	GlobalSection(SolutionConfigurationPlatforms) = preSolution
		Debug|Any CPU = Debug|Any CPU
		Release|Any CPU = Release|Any CPU
	EndGlobalSection
	GlobalSection(ProjectConfigurationPlatforms) = postSolution
		{ED8BF4DF-44C8-4BFD-8C09-3FC12E70B18C}.Debug|Any CPU.ActiveCfg = Debug|Any CPU
		{ED8BF4DF-44C8-4BFD-8C09-3FC12E70B18C}.Debug|Any CPU.Build.0 = Debug|Any CPU
		{ED8BF4DF-44C8-4BFD-8C09-3FC12E70B18C}.Release|Any CPU.ActiveCfg = Release|Any CPU
		{ED8BF4DF-44C8-4BFD-8C09-3FC12E70B18C}.Release|Any CPU.Build.0 = Release|Any CPU
	EndGlobalSection
	GlobalSection(SolutionProperties) = preSolution
		HideSolutionNode = FALSE
	EndGlobalSection
	GlobalSection(ExtensibilityGlobals) = postSolution
		SolutionGuid = {4AB8A646-63EC-4C1A-836C-9AC5B7BBF516}
	EndGlobalSection
EndGlobal
